
Microsoft Visual Studio Solution File, Format Version 12.00
# Visual Studio Version 17
VisualStudioVersion = 17.5.002.0
MinimumVisualStudioVersion = 10.0.40219.1
Project("{9A19103F-16F7-4668-BE54-9A1E7A4F7556}") = "DOTNET API", "DOTNET API.csproj", "{60EFE0D0-80E5-4245-BFFF-0AEC6A898AC6}"
EndProject
Global
	GlobalSection(SolutionConfigurationPlatforms) = preSolution
		Debug|Any CPU = Debug|Any CPU
		Release|Any CPU = Release|Any CPU
	EndGlobalSection
	GlobalSection(ProjectConfigurationPlatforms) = postSolution
		{60EFE0D0-80E5-4245-BFFF-0AEC6A898AC6}.Debug|Any CPU.ActiveCfg = Debug|Any CPU
		{60EFE0D0-80E5-4245-BFFF-0AEC6A898AC6}.Debug|Any CPU.Build.0 = Debug|Any CPU
		{60EFE0D0-80E5-4245-BFFF-0AEC6A898AC6}.Release|Any CPU.ActiveCfg = Release|Any CPU
		{60EFE0D0-80E5-4245-BFFF-0AEC6A898AC6}.Release|Any CPU.Build.0 = Release|Any CPU
	EndGlobalSection
	GlobalSection(SolutionProperties) = preSolution
		HideSolutionNode = FALSE
	EndGlobalSection
	GlobalSection(ExtensibilityGlobals) = postSolution
		SolutionGuid = {49CCD6CC-AB3E-41A3-86B0-8EFFCB2F5B56}
	EndGlobalSection
EndGlobal
